// !$*UTF8*$!
{
	archiveVersion = 1;
	classes = {
	};
	objectVersion = 56;
	objects = {

/* Begin PBXBuildFile section */
		8A1AC22D2B3D44A70084F89F /* AfricaApp.swift in Sources */ = {isa = PBXBuildFile; fileRef = 8A1AC22C2B3D44A70084F89F /* AfricaApp.swift */; };
		8A1AC22F2B3D44A70084F89F /* ContentView.swift in Sources */ = {isa = PBXBuildFile; fileRef = 8A1AC22E2B3D44A70084F89F /* ContentView.swift */; };
		8A1AC2312B3D44A80084F89F /* Assets.xcassets in Resources */ = {isa = PBXBuildFile; fileRef = 8A1AC2302B3D44A80084F89F /* Assets.xcassets */; };
		8A1AC2342B3D44A80084F89F /* Preview Assets.xcassets in Resources */ = {isa = PBXBuildFile; fileRef = 8A1AC2332B3D44A80084F89F /* Preview Assets.xcassets */; };
		8A7D356E2B515D7900DCE448 /* AnimalListItemView.swift in Sources */ = {isa = PBXBuildFile; fileRef = 8A7D356D2B515D7900DCE448 /* AnimalListItemView.swift */; };
		8A7D35702B51639C00DCE448 /* AnimalModel.swift in Sources */ = {isa = PBXBuildFile; fileRef = 8A7D356F2B51639C00DCE448 /* AnimalModel.swift */; };
		8A7D35742B5170DF00DCE448 /* AnimalDetailView.swift in Sources */ = {isa = PBXBuildFile; fileRef = 8A7D35732B5170DF00DCE448 /* AnimalDetailView.swift */; };
		8A7D35762B51760C00DCE448 /* HeadingView.swift in Sources */ = {isa = PBXBuildFile; fileRef = 8A7D35752B51760C00DCE448 /* HeadingView.swift */; };
		8A7D35782B51785D00DCE448 /* InsetGalleryView.swift in Sources */ = {isa = PBXBuildFile; fileRef = 8A7D35772B51785D00DCE448 /* InsetGalleryView.swift */; };
		8A7D357A2B51989C00DCE448 /* InsetFactView.swift in Sources */ = {isa = PBXBuildFile; fileRef = 8A7D35792B51989C00DCE448 /* InsetFactView.swift */; };
		8A7D357C2B519AB000DCE448 /* InsetMapView.swift in Sources */ = {isa = PBXBuildFile; fileRef = 8A7D357B2B519AB000DCE448 /* InsetMapView.swift */; };
		8A7D357E2B51A1ED00DCE448 /* ExternalWeblinkView.swift in Sources */ = {isa = PBXBuildFile; fileRef = 8A7D357D2B51A1ED00DCE448 /* ExternalWeblinkView.swift */; };
		8A7D35802B51A43300DCE448 /* VideoModel.swift in Sources */ = {isa = PBXBuildFile; fileRef = 8A7D357F2B51A43300DCE448 /* VideoModel.swift */; };
		8A7D35822B51A46A00DCE448 /* VideoPlayerView.swift in Sources */ = {isa = PBXBuildFile; fileRef = 8A7D35812B51A46A00DCE448 /* VideoPlayerView.swift */; };
		8A7D35842B51A47900DCE448 /* VideoListItemView.swift in Sources */ = {isa = PBXBuildFile; fileRef = 8A7D35832B51A47900DCE448 /* VideoListItemView.swift */; };
		8A7D35872B51A6DC00DCE448 /* VideoPlayerHelper.swift in Sources */ = {isa = PBXBuildFile; fileRef = 8A7D35862B51A6DC00DCE448 /* VideoPlayerHelper.swift */; };
		8ADF60F42B501E5B00D95D1D /* gorilla.mp4 in Resources */ = {isa = PBXBuildFile; fileRef = 8ADF60EA2B501E5900D95D1D /* gorilla.mp4 */; };
		8ADF60F52B501E5B00D95D1D /* elephant.mp4 in Resources */ = {isa = PBXBuildFile; fileRef = 8ADF60EB2B501E5900D95D1D /* elephant.mp4 */; };
		8ADF60F62B501E5B00D95D1D /* cheetah.mp4 in Resources */ = {isa = PBXBuildFile; fileRef = 8ADF60EC2B501E5900D95D1D /* cheetah.mp4 */; };
		8ADF60F72B501E5B00D95D1D /* giraffe.mp4 in Resources */ = {isa = PBXBuildFile; fileRef = 8ADF60ED2B501E5A00D95D1D /* giraffe.mp4 */; };
		8ADF60F82B501E5B00D95D1D /* lion.mp4 in Resources */ = {isa = PBXBuildFile; fileRef = 8ADF60EE2B501E5A00D95D1D /* lion.mp4 */; };
		8ADF60F92B501E5B00D95D1D /* lioness.mp4 in Resources */ = {isa = PBXBuildFile; fileRef = 8ADF60EF2B501E5A00D95D1D /* lioness.mp4 */; };
		8ADF60FA2B501E5B00D95D1D /* rhino.mp4 in Resources */ = {isa = PBXBuildFile; fileRef = 8ADF60F02B501E5A00D95D1D /* rhino.mp4 */; };
		8ADF60FB2B501E5B00D95D1D /* hippo.mp4 in Resources */ = {isa = PBXBuildFile; fileRef = 8ADF60F12B501E5B00D95D1D /* hippo.mp4 */; };
		8ADF60FC2B501E5B00D95D1D /* zebra.mp4 in Resources */ = {isa = PBXBuildFile; fileRef = 8ADF60F22B501E5B00D95D1D /* zebra.mp4 */; };
		8ADF60FD2B501E5B00D95D1D /* ostrich.mp4 in Resources */ = {isa = PBXBuildFile; fileRef = 8ADF60F32B501E5B00D95D1D /* ostrich.mp4 */; };
		8ADF61032B501FAA00D95D1D /* videos.json in Resources */ = {isa = PBXBuildFile; fileRef = 8ADF60FF2B501FAA00D95D1D /* videos.json */; };
		8ADF61042B501FAA00D95D1D /* locations.json in Resources */ = {isa = PBXBuildFile; fileRef = 8ADF61002B501FAA00D95D1D /* locations.json */; };
		8ADF61052B501FAA00D95D1D /* covers.json in Resources */ = {isa = PBXBuildFile; fileRef = 8ADF61012B501FAA00D95D1D /* covers.json */; };
		8ADF61062B501FAA00D95D1D /* animals.json in Resources */ = {isa = PBXBuildFile; fileRef = 8ADF61022B501FAA00D95D1D /* animals.json */; };
		8ADF610B2B50273800D95D1D /* VideoListView.swift in Sources */ = {isa = PBXBuildFile; fileRef = 8ADF610A2B50273800D95D1D /* VideoListView.swift */; };
		8ADF610D2B50274300D95D1D /* MapView.swift in Sources */ = {isa = PBXBuildFile; fileRef = 8ADF610C2B50274300D95D1D /* MapView.swift */; };
		8ADF610F2B50274D00D95D1D /* GalleryView.swift in Sources */ = {isa = PBXBuildFile; fileRef = 8ADF610E2B50274D00D95D1D /* GalleryView.swift */; };
		8ADF61112B50275A00D95D1D /* MainView.swift in Sources */ = {isa = PBXBuildFile; fileRef = 8ADF61102B50275A00D95D1D /* MainView.swift */; };
		8ADF61152B5138E800D95D1D /* CoverImageView.swift in Sources */ = {isa = PBXBuildFile; fileRef = 8ADF61142B5138E800D95D1D /* CoverImageView.swift */; };
		8ADF61182B513FCF00D95D1D /* CoverImageModel.swift in Sources */ = {isa = PBXBuildFile; fileRef = 8ADF61172B513FCF00D95D1D /* CoverImageModel.swift */; };
		8ADF611B2B514FAD00D95D1D /* CodableBundleExtension.swift in Sources */ = {isa = PBXBuildFile; fileRef = 8ADF611A2B514FAD00D95D1D /* CodableBundleExtension.swift */; };
/* End PBXBuildFile section */

/* Begin PBXFileReference section */
		8A1AC2292B3D44A70084F89F /* Africa.app */ = {isa = PBXFileReference; explicitFileType = wrapper.application; includeInIndex = 0; path = Africa.app; sourceTree = BUILT_PRODUCTS_DIR; };
		8A1AC22C2B3D44A70084F89F /* AfricaApp.swift */ = {isa = PBXFileReference; lastKnownFileType = sourcecode.swift; path = AfricaApp.swift; sourceTree = "<group>"; };
		8A1AC22E2B3D44A70084F89F /* ContentView.swift */ = {isa = PBXFileReference; lastKnownFileType = sourcecode.swift; path = ContentView.swift; sourceTree = "<group>"; };
		8A1AC2302B3D44A80084F89F /* Assets.xcassets */ = {isa = PBXFileReference; lastKnownFileType = folder.assetcatalog; path = Assets.xcassets; sourceTree = "<group>"; };
		8A1AC2332B3D44A80084F89F /* Preview Assets.xcassets */ = {isa = PBXFileReference; lastKnownFileType = folder.assetcatalog; path = "Preview Assets.xcassets"; sourceTree = "<group>"; };
		8A7D356D2B515D7900DCE448 /* AnimalListItemView.swift */ = {isa = PBXFileReference; lastKnownFileType = sourcecode.swift; path = AnimalListItemView.swift; sourceTree = "<group>"; };
		8A7D356F2B51639C00DCE448 /* AnimalModel.swift */ = {isa = PBXFileReference; lastKnownFileType = sourcecode.swift; path = AnimalModel.swift; sourceTree = "<group>"; };
		8A7D35732B5170DF00DCE448 /* AnimalDetailView.swift */ = {isa = PBXFileReference; lastKnownFileType = sourcecode.swift; path = AnimalDetailView.swift; sourceTree = "<group>"; };
		8A7D35752B51760C00DCE448 /* HeadingView.swift */ = {isa = PBXFileReference; lastKnownFileType = sourcecode.swift; path = HeadingView.swift; sourceTree = "<group>"; };
		8A7D35772B51785D00DCE448 /* InsetGalleryView.swift */ = {isa = PBXFileReference; lastKnownFileType = sourcecode.swift; path = InsetGalleryView.swift; sourceTree = "<group>"; };
		8A7D35792B51989C00DCE448 /* InsetFactView.swift */ = {isa = PBXFileReference; lastKnownFileType = sourcecode.swift; path = InsetFactView.swift; sourceTree = "<group>"; };
		8A7D357B2B519AB000DCE448 /* InsetMapView.swift */ = {isa = PBXFileReference; lastKnownFileType = sourcecode.swift; path = InsetMapView.swift; sourceTree = "<group>"; };
		8A7D357D2B51A1ED00DCE448 /* ExternalWeblinkView.swift */ = {isa = PBXFileReference; lastKnownFileType = sourcecode.swift; path = ExternalWeblinkView.swift; sourceTree = "<group>"; };
		8A7D357F2B51A43300DCE448 /* VideoModel.swift */ = {isa = PBXFileReference; lastKnownFileType = sourcecode.swift; path = VideoModel.swift; sourceTree = "<group>"; };
		8A7D35812B51A46A00DCE448 /* VideoPlayerView.swift */ = {isa = PBXFileReference; lastKnownFileType = sourcecode.swift; path = VideoPlayerView.swift; sourceTree = "<group>"; };
		8A7D35832B51A47900DCE448 /* VideoListItemView.swift */ = {isa = PBXFileReference; lastKnownFileType = sourcecode.swift; path = VideoListItemView.swift; sourceTree = "<group>"; };
		8A7D35862B51A6DC00DCE448 /* VideoPlayerHelper.swift */ = {isa = PBXFileReference; lastKnownFileType = sourcecode.swift; path = VideoPlayerHelper.swift; sourceTree = "<group>"; };
		8ADF60EA2B501E5900D95D1D /* gorilla.mp4 */ = {isa = PBXFileReference; lastKnownFileType = file; path = gorilla.mp4; sourceTree = "<group>"; };
		8ADF60EB2B501E5900D95D1D /* elephant.mp4 */ = {isa = PBXFileReference; lastKnownFileType = file; path = elephant.mp4; sourceTree = "<group>"; };
		8ADF60EC2B501E5900D95D1D /* cheetah.mp4 */ = {isa = PBXFileReference; lastKnownFileType = file; path = cheetah.mp4; sourceTree = "<group>"; };
		8ADF60ED2B501E5A00D95D1D /* giraffe.mp4 */ = {isa = PBXFileReference; lastKnownFileType = file; path = giraffe.mp4; sourceTree = "<group>"; };
		8ADF60EE2B501E5A00D95D1D /* lion.mp4 */ = {isa = PBXFileReference; lastKnownFileType = file; path = lion.mp4; sourceTree = "<group>"; };
		8ADF60EF2B501E5A00D95D1D /* lioness.mp4 */ = {isa = PBXFileReference; lastKnownFileType = file; path = lioness.mp4; sourceTree = "<group>"; };
		8ADF60F02B501E5A00D95D1D /* rhino.mp4 */ = {isa = PBXFileReference; lastKnownFileType = file; path = rhino.mp4; sourceTree = "<group>"; };
		8ADF60F12B501E5B00D95D1D /* hippo.mp4 */ = {isa = PBXFileReference; lastKnownFileType = file; path = hippo.mp4; sourceTree = "<group>"; };
		8ADF60F22B501E5B00D95D1D /* zebra.mp4 */ = {isa = PBXFileReference; lastKnownFileType = file; path = zebra.mp4; sourceTree = "<group>"; };
		8ADF60F32B501E5B00D95D1D /* ostrich.mp4 */ = {isa = PBXFileReference; lastKnownFileType = file; path = ostrich.mp4; sourceTree = "<group>"; };
		8ADF60FF2B501FAA00D95D1D /* videos.json */ = {isa = PBXFileReference; fileEncoding = 4; lastKnownFileType = text.json; path = videos.json; sourceTree = "<group>"; };
		8ADF61002B501FAA00D95D1D /* locations.json */ = {isa = PBXFileReference; fileEncoding = 4; lastKnownFileType = text.json; path = locations.json; sourceTree = "<group>"; };
		8ADF61012B501FAA00D95D1D /* covers.json */ = {isa = PBXFileReference; fileEncoding = 4; lastKnownFileType = text.json; path = covers.json; sourceTree = "<group>"; };
		8ADF61022B501FAA00D95D1D /* animals.json */ = {isa = PBXFileReference; fileEncoding = 4; lastKnownFileType = text.json; path = animals.json; sourceTree = "<group>"; };
		8ADF61072B50246D00D95D1D /* Info.plist */ = {isa = PBXFileReference; lastKnownFileType = text.plist; path = Info.plist; sourceTree = "<group>"; };
		8ADF610A2B50273800D95D1D /* VideoListView.swift */ = {isa = PBXFileReference; lastKnownFileType = sourcecode.swift; path = VideoListView.swift; sourceTree = "<group>"; };
		8ADF610C2B50274300D95D1D /* MapView.swift */ = {isa = PBXFileReference; lastKnownFileType = sourcecode.swift; path = MapView.swift; sourceTree = "<group>"; };
		8ADF610E2B50274D00D95D1D /* GalleryView.swift */ = {isa = PBXFileReference; lastKnownFileType = sourcecode.swift; path = GalleryView.swift; sourceTree = "<group>"; };
		8ADF61102B50275A00D95D1D /* MainView.swift */ = {isa = PBXFileReference; lastKnownFileType = sourcecode.swift; path = MainView.swift; sourceTree = "<group>"; };
		8ADF61142B5138E800D95D1D /* CoverImageView.swift */ = {isa = PBXFileReference; lastKnownFileType = sourcecode.swift; path = CoverImageView.swift; sourceTree = "<group>"; };
		8ADF61172B513FCF00D95D1D /* CoverImageModel.swift */ = {isa = PBXFileReference; lastKnownFileType = sourcecode.swift; path = CoverImageModel.swift; sourceTree = "<group>"; };
		8ADF611A2B514FAD00D95D1D /* CodableBundleExtension.swift */ = {isa = PBXFileReference; lastKnownFileType = sourcecode.swift; path = CodableBundleExtension.swift; sourceTree = "<group>"; };
/* End PBXFileReference section */

/* Begin PBXFrameworksBuildPhase section */
		8A1AC2262B3D44A70084F89F /* Frameworks */ = {
			isa = PBXFrameworksBuildPhase;
			buildActionMask = 2147483647;
			files = (
			);
			runOnlyForDeploymentPostprocessing = 0;
		};
/* End PBXFrameworksBuildPhase section */

/* Begin PBXGroup section */
		8A1AC2202B3D44A70084F89F = {
			isa = PBXGroup;
			children = (
				8A1AC22B2B3D44A70084F89F /* Africa */,
				8A1AC22A2B3D44A70084F89F /* Products */,
			);
			sourceTree = "<group>";
		};
		8A1AC22A2B3D44A70084F89F /* Products */ = {
			isa = PBXGroup;
			children = (
				8A1AC2292B3D44A70084F89F /* Africa.app */,
			);
			name = Products;
			sourceTree = "<group>";
		};
		8A1AC22B2B3D44A70084F89F /* Africa */ = {
			isa = PBXGroup;
			children = (
				8A7D35852B51A6D000DCE448 /* Helper */,
				8ADF61192B514F8800D95D1D /* Extension */,
				8ADF61162B513FB600D95D1D /* Model */,
				8ADF61132B5138D600D95D1D /* View */,
				8ADF61072B50246D00D95D1D /* Info.plist */,
				8ADF60FE2B501F7B00D95D1D /* Data */,
				8ADF60E92B501E4800D95D1D /* Video */,
				8ADF61092B5025A400D95D1D /* App */,
				8A1AC2302B3D44A80084F89F /* Assets.xcassets */,
				8A1AC2322B3D44A80084F89F /* Preview Content */,
			);
			path = Africa;
			sourceTree = "<group>";
		};
		8A1AC2322B3D44A80084F89F /* Preview Content */ = {
			isa = PBXGroup;
			children = (
				8A1AC2332B3D44A80084F89F /* Preview Assets.xcassets */,
			);
			path = "Preview Content";
			sourceTree = "<group>";
		};
		8A7D35852B51A6D000DCE448 /* Helper */ = {
			isa = PBXGroup;
			children = (
				8A7D35862B51A6DC00DCE448 /* VideoPlayerHelper.swift */,
			);
			path = Helper;
			sourceTree = "<group>";
		};
		8ADF60E92B501E4800D95D1D /* Video */ = {
			isa = PBXGroup;
			children = (
				8ADF60EC2B501E5900D95D1D /* cheetah.mp4 */,
				8ADF60EB2B501E5900D95D1D /* elephant.mp4 */,
				8ADF60ED2B501E5A00D95D1D /* giraffe.mp4 */,
				8ADF60EA2B501E5900D95D1D /* gorilla.mp4 */,
				8ADF60F12B501E5B00D95D1D /* hippo.mp4 */,
				8ADF60EE2B501E5A00D95D1D /* lion.mp4 */,
				8ADF60EF2B501E5A00D95D1D /* lioness.mp4 */,
				8ADF60F32B501E5B00D95D1D /* ostrich.mp4 */,
				8ADF60F02B501E5A00D95D1D /* rhino.mp4 */,
				8ADF60F22B501E5B00D95D1D /* zebra.mp4 */,
			);
			path = Video;
			sourceTree = "<group>";
		};
		8ADF60FE2B501F7B00D95D1D /* Data */ = {
			isa = PBXGroup;
			children = (
				8ADF61022B501FAA00D95D1D /* animals.json */,
				8ADF61012B501FAA00D95D1D /* covers.json */,
				8ADF61002B501FAA00D95D1D /* locations.json */,
				8ADF60FF2B501FAA00D95D1D /* videos.json */,
			);
			path = Data;
			sourceTree = "<group>";
		};
		8ADF61092B5025A400D95D1D /* App */ = {
			isa = PBXGroup;
			children = (
				8A1AC22C2B3D44A70084F89F /* AfricaApp.swift */,
				8A1AC22E2B3D44A70084F89F /* ContentView.swift */,
				8ADF610A2B50273800D95D1D /* VideoListView.swift */,
				8ADF610C2B50274300D95D1D /* MapView.swift */,
				8ADF610E2B50274D00D95D1D /* GalleryView.swift */,
				8ADF61102B50275A00D95D1D /* MainView.swift */,
			);
			path = App;
			sourceTree = "<group>";
		};
		8ADF61132B5138D600D95D1D /* View */ = {
			isa = PBXGroup;
			children = (
				8A7D35772B51785D00DCE448 /* InsetGalleryView.swift */,
				8ADF61142B5138E800D95D1D /* CoverImageView.swift */,
				8A7D356D2B515D7900DCE448 /* AnimalListItemView.swift */,
				8A7D35732B5170DF00DCE448 /* AnimalDetailView.swift */,
				8A7D35752B51760C00DCE448 /* HeadingView.swift */,
				8A7D35792B51989C00DCE448 /* InsetFactView.swift */,
				8A7D357B2B519AB000DCE448 /* InsetMapView.swift */,
				8A7D357D2B51A1ED00DCE448 /* ExternalWeblinkView.swift */,
				8A7D35812B51A46A00DCE448 /* VideoPlayerView.swift */,
				8A7D35832B51A47900DCE448 /* VideoListItemView.swift */,
			);
			path = View;
			sourceTree = "<group>";
		};
		8ADF61162B513FB600D95D1D /* Model */ = {
			isa = PBXGroup;
			children = (
				8ADF61172B513FCF00D95D1D /* CoverImageModel.swift */,
				8A7D356F2B51639C00DCE448 /* AnimalModel.swift */,
				8A7D357F2B51A43300DCE448 /* VideoModel.swift */,
			);
			path = Model;
			sourceTree = "<group>";
		};
		8ADF61192B514F8800D95D1D /* Extension */ = {
			isa = PBXGroup;
			children = (
				8ADF611A2B514FAD00D95D1D /* CodableBundleExtension.swift */,
			);
			path = Extension;
			sourceTree = "<group>";
		};
/* End PBXGroup section */

/* Begin PBXNativeTarget section */
		8A1AC2282B3D44A70084F89F /* Africa */ = {
			isa = PBXNativeTarget;
			buildConfigurationList = 8A1AC2372B3D44A80084F89F /* Build configuration list for PBXNativeTarget "Africa" */;
			buildPhases = (
				8A1AC2252B3D44A70084F89F /* Sources */,
				8A1AC2262B3D44A70084F89F /* Frameworks */,
				8A1AC2272B3D44A70084F89F /* Resources */,
			);
			buildRules = (
			);
			dependencies = (
			);
			name = Africa;
			productName = Africa;
			productReference = 8A1AC2292B3D44A70084F89F /* Africa.app */;
			productType = "com.apple.product-type.application";
		};
/* End PBXNativeTarget section */

/* Begin PBXProject section */
		8A1AC2212B3D44A70084F89F /* Project object */ = {
			isa = PBXProject;
			attributes = {
				BuildIndependentTargetsInParallel = 1;
				LastSwiftUpdateCheck = 1430;
				LastUpgradeCheck = 1430;
				TargetAttributes = {
					8A1AC2282B3D44A70084F89F = {
						CreatedOnToolsVersion = 14.3;
					};
				};
			};
			buildConfigurationList = 8A1AC2242B3D44A70084F89F /* Build configuration list for PBXProject "Africa" */;
			compatibilityVersion = "Xcode 14.0";
			developmentRegion = en;
			hasScannedForEncodings = 0;
			knownRegions = (
				en,
				Base,
			);
			mainGroup = 8A1AC2202B3D44A70084F89F;
			productRefGroup = 8A1AC22A2B3D44A70084F89F /* Products */;
			projectDirPath = "";
			projectRoot = "";
			targets = (
				8A1AC2282B3D44A70084F89F /* Africa */,
			);
		};
/* End PBXProject section */

/* Begin PBXResourcesBuildPhase section */
		8A1AC2272B3D44A70084F89F /* Resources */ = {
			isa = PBXResourcesBuildPhase;
			buildActionMask = 2147483647;
			files = (
				8ADF61042B501FAA00D95D1D /* locations.json in Resources */,
				8ADF60FB2B501E5B00D95D1D /* hippo.mp4 in Resources */,
				8ADF60F52B501E5B00D95D1D /* elephant.mp4 in Resources */,
				8ADF60F62B501E5B00D95D1D /* cheetah.mp4 in Resources */,
				8ADF60F82B501E5B00D95D1D /* lion.mp4 in Resources */,
				8ADF61032B501FAA00D95D1D /* videos.json in Resources */,
				8ADF60FA2B501E5B00D95D1D /* rhino.mp4 in Resources */,
				8ADF60F72B501E5B00D95D1D /* giraffe.mp4 in Resources */,
				8ADF60FD2B501E5B00D95D1D /* ostrich.mp4 in Resources */,
				8ADF61062B501FAA00D95D1D /* animals.json in Resources */,
				8ADF60FC2B501E5B00D95D1D /* zebra.mp4 in Resources */,
				8ADF61052B501FAA00D95D1D /* covers.json in Resources */,
				8A1AC2342B3D44A80084F89F /* Preview Assets.xcassets in Resources */,
				8ADF60F42B501E5B00D95D1D /* gorilla.mp4 in Resources */,
				8A1AC2312B3D44A80084F89F /* Assets.xcassets in Resources */,
				8ADF60F92B501E5B00D95D1D /* lioness.mp4 in Resources */,
			);
			runOnlyForDeploymentPostprocessing = 0;
		};
/* End PBXResourcesBuildPhase section */

/* Begin PBXSourcesBuildPhase section */
		8A1AC2252B3D44A70084F89F /* Sources */ = {
			isa = PBXSourcesBuildPhase;
			buildActionMask = 2147483647;
			files = (
				8A7D357E2B51A1ED00DCE448 /* ExternalWeblinkView.swift in Sources */,
				8A7D35822B51A46A00DCE448 /* VideoPlayerView.swift in Sources */,
				8A1AC22F2B3D44A70084F89F /* ContentView.swift in Sources */,
				8A7D356E2B515D7900DCE448 /* AnimalListItemView.swift in Sources */,
				8ADF61112B50275A00D95D1D /* MainView.swift in Sources */,
				8A7D357A2B51989C00DCE448 /* InsetFactView.swift in Sources */,
				8ADF61152B5138E800D95D1D /* CoverImageView.swift in Sources */,
				8ADF61182B513FCF00D95D1D /* CoverImageModel.swift in Sources */,
				8A7D35742B5170DF00DCE448 /* AnimalDetailView.swift in Sources */,
				8A7D35702B51639C00DCE448 /* AnimalModel.swift in Sources */,
				8A7D35872B51A6DC00DCE448 /* VideoPlayerHelper.swift in Sources */,
				8ADF610D2B50274300D95D1D /* MapView.swift in Sources */,
				8A7D357C2B519AB000DCE448 /* InsetMapView.swift in Sources */,
				8A1AC22D2B3D44A70084F89F /* AfricaApp.swift in Sources */,
				8ADF610B2B50273800D95D1D /* VideoListView.swift in Sources */,
				8A7D35802B51A43300DCE448 /* VideoModel.swift in Sources */,
				8A7D35842B51A47900DCE448 /* VideoListItemView.swift in Sources */,
				8ADF610F2B50274D00D95D1D /* GalleryView.swift in Sources */,
				8A7D35782B51785D00DCE448 /* InsetGalleryView.swift in Sources */,
				8ADF611B2B514FAD00D95D1D /* CodableBundleExtension.swift in Sources */,
				8A7D35762B51760C00DCE448 /* HeadingView.swift in Sources */,
			);
			runOnlyForDeploymentPostprocessing = 0;
		};
/* End PBXSourcesBuildPhase section */

/* Begin XCBuildConfiguration section */
		8A1AC2352B3D44A80084F89F /* Debug */ = {
			isa = XCBuildConfiguration;
			buildSettings = {
				ALWAYS_SEARCH_USER_PATHS = NO;
				CLANG_ANALYZER_NONNULL = YES;
				CLANG_ANALYZER_NUMBER_OBJECT_CONVERSION = YES_AGGRESSIVE;
				CLANG_CXX_LANGUAGE_STANDARD = "gnu++20";
				CLANG_ENABLE_MODULES = YES;
				CLANG_ENABLE_OBJC_ARC = YES;
				CLANG_ENABLE_OBJC_WEAK = YES;
				CLANG_WARN_BLOCK_CAPTURE_AUTORELEASING = YES;
				CLANG_WARN_BOOL_CONVERSION = YES;
				CLANG_WARN_COMMA = YES;
				CLANG_WARN_CONSTANT_CONVERSION = YES;
				CLANG_WARN_DEPRECATED_OBJC_IMPLEMENTATIONS = YES;
				CLANG_WARN_DIRECT_OBJC_ISA_USAGE = YES_ERROR;
				CLANG_WARN_DOCUMENTATION_COMMENTS = YES;
				CLANG_WARN_EMPTY_BODY = YES;
				CLANG_WARN_ENUM_CONVERSION = YES;
				CLANG_WARN_INFINITE_RECURSION = YES;
				CLANG_WARN_INT_CONVERSION = YES;
				CLANG_WARN_NON_LITERAL_NULL_CONVERSION = YES;
				CLANG_WARN_OBJC_IMPLICIT_RETAIN_SELF = YES;
				CLANG_WARN_OBJC_LITERAL_CONVERSION = YES;
				CLANG_WARN_OBJC_ROOT_CLASS = YES_ERROR;
				CLANG_WARN_QUOTED_INCLUDE_IN_FRAMEWORK_HEADER = YES;
				CLANG_WARN_RANGE_LOOP_ANALYSIS = YES;
				CLANG_WARN_STRICT_PROTOTYPES = YES;
				CLANG_WARN_SUSPICIOUS_MOVE = YES;
				CLANG_WARN_UNGUARDED_AVAILABILITY = YES_AGGRESSIVE;
				CLANG_WARN_UNREACHABLE_CODE = YES;
				CLANG_WARN__DUPLICATE_METHOD_MATCH = YES;
				COPY_PHASE_STRIP = NO;
				DEBUG_INFORMATION_FORMAT = dwarf;
				ENABLE_STRICT_OBJC_MSGSEND = YES;
				ENABLE_TESTABILITY = YES;
				GCC_C_LANGUAGE_STANDARD = gnu11;
				GCC_DYNAMIC_NO_PIC = NO;
				GCC_NO_COMMON_BLOCKS = YES;
				GCC_OPTIMIZATION_LEVEL = 0;
				GCC_PREPROCESSOR_DEFINITIONS = (
					"DEBUG=1",
					"$(inherited)",
				);
				GCC_WARN_64_TO_32_BIT_CONVERSION = YES;
				GCC_WARN_ABOUT_RETURN_TYPE = YES_ERROR;
				GCC_WARN_UNDECLARED_SELECTOR = YES;
				GCC_WARN_UNINITIALIZED_AUTOS = YES_AGGRESSIVE;
				GCC_WARN_UNUSED_FUNCTION = YES;
				GCC_WARN_UNUSED_VARIABLE = YES;
				IPHONEOS_DEPLOYMENT_TARGET = 16.4;
				MTL_ENABLE_DEBUG_INFO = INCLUDE_SOURCE;
				MTL_FAST_MATH = YES;
				ONLY_ACTIVE_ARCH = YES;
				SDKROOT = iphoneos;
				SWIFT_ACTIVE_COMPILATION_CONDITIONS = DEBUG;
				SWIFT_OPTIMIZATION_LEVEL = "-Onone";
			};
			name = Debug;
		};
		8A1AC2362B3D44A80084F89F /* Release */ = {
			isa = XCBuildConfiguration;
			buildSettings = {
				ALWAYS_SEARCH_USER_PATHS = NO;
				CLANG_ANALYZER_NONNULL = YES;
				CLANG_ANALYZER_NUMBER_OBJECT_CONVERSION = YES_AGGRESSIVE;
				CLANG_CXX_LANGUAGE_STANDARD = "gnu++20";
				CLANG_ENABLE_MODULES = YES;
				CLANG_ENABLE_OBJC_ARC = YES;
				CLANG_ENABLE_OBJC_WEAK = YES;
				CLANG_WARN_BLOCK_CAPTURE_AUTORELEASING = YES;
				CLANG_WARN_BOOL_CONVERSION = YES;
				CLANG_WARN_COMMA = YES;
				CLANG_WARN_CONSTANT_CONVERSION = YES;
				CLANG_WARN_DEPRECATED_OBJC_IMPLEMENTATIONS = YES;
				CLANG_WARN_DIRECT_OBJC_ISA_USAGE = YES_ERROR;
				CLANG_WARN_DOCUMENTATION_COMMENTS = YES;
				CLANG_WARN_EMPTY_BODY = YES;
				CLANG_WARN_ENUM_CONVERSION = YES;
				CLANG_WARN_INFINITE_RECURSION = YES;
				CLANG_WARN_INT_CONVERSION = YES;
				CLANG_WARN_NON_LITERAL_NULL_CONVERSION = YES;
				CLANG_WARN_OBJC_IMPLICIT_RETAIN_SELF = YES;
				CLANG_WARN_OBJC_LITERAL_CONVERSION = YES;
				CLANG_WARN_OBJC_ROOT_CLASS = YES_ERROR;
				CLANG_WARN_QUOTED_INCLUDE_IN_FRAMEWORK_HEADER = YES;
				CLANG_WARN_RANGE_LOOP_ANALYSIS = YES;
				CLANG_WARN_STRICT_PROTOTYPES = YES;
				CLANG_WARN_SUSPICIOUS_MOVE = YES;
				CLANG_WARN_UNGUARDED_AVAILABILITY = YES_AGGRESSIVE;
				CLANG_WARN_UNREACHABLE_CODE = YES;
				CLANG_WARN__DUPLICATE_METHOD_MATCH = YES;
				COPY_PHASE_STRIP = NO;
				DEBUG_INFORMATION_FORMAT = "dwarf-with-dsym";
				ENABLE_NS_ASSERTIONS = NO;
				ENABLE_STRICT_OBJC_MSGSEND = YES;
				GCC_C_LANGUAGE_STANDARD = gnu11;
				GCC_NO_COMMON_BLOCKS = YES;
				GCC_WARN_64_TO_32_BIT_CONVERSION = YES;
				GCC_WARN_ABOUT_RETURN_TYPE = YES_ERROR;
				GCC_WARN_UNDECLARED_SELECTOR = YES;
				GCC_WARN_UNINITIALIZED_AUTOS = YES_AGGRESSIVE;
				GCC_WARN_UNUSED_FUNCTION = YES;
				GCC_WARN_UNUSED_VARIABLE = YES;
				IPHONEOS_DEPLOYMENT_TARGET = 16.4;
				MTL_ENABLE_DEBUG_INFO = NO;
				MTL_FAST_MATH = YES;
				SDKROOT = iphoneos;
				SWIFT_COMPILATION_MODE = wholemodule;
				SWIFT_OPTIMIZATION_LEVEL = "-O";
				VALIDATE_PRODUCT = YES;
			};
			name = Release;
		};
		8A1AC2382B3D44A80084F89F /* Debug */ = {
			isa = XCBuildConfiguration;
			buildSettings = {
				ASSETCATALOG_COMPILER_APPICON_NAME = AppIcon;
				ASSETCATALOG_COMPILER_GLOBAL_ACCENT_COLOR_NAME = AccentColor;
				CODE_SIGN_STYLE = Automatic;
				CURRENT_PROJECT_VERSION = 1;
				DEVELOPMENT_ASSET_PATHS = "\"Africa/Preview Content\"";
				DEVELOPMENT_TEAM = RR6V2Z4252;
				ENABLE_PREVIEWS = YES;
				GENERATE_INFOPLIST_FILE = YES;
				INFOPLIST_FILE = Africa/Info.plist;
				INFOPLIST_KEY_UIApplicationSceneManifest_Generation = YES;
				INFOPLIST_KEY_UIApplicationSupportsIndirectInputEvents = YES;
				INFOPLIST_KEY_UISupportedInterfaceOrientations_iPad = "UIInterfaceOrientationPortrait UIInterfaceOrientationPortraitUpsideDown UIInterfaceOrientationLandscapeLeft UIInterfaceOrientationLandscapeRight";
				INFOPLIST_KEY_UISupportedInterfaceOrientations_iPhone = "UIInterfaceOrientationPortrait UIInterfaceOrientationLandscapeLeft UIInterfaceOrientationLandscapeRight";
				INFOPLIST_KEY_UIUserInterfaceStyle = Dark;
				IPHONEOS_DEPLOYMENT_TARGET = 15;
				LD_RUNPATH_SEARCH_PATHS = (
					"$(inherited)",
					"@executable_path/Frameworks",
				);
				MARKETING_VERSION = 1.0;
				PRODUCT_BUNDLE_IDENTIFIER = com.learn.Africa;
				PRODUCT_NAME = "$(TARGET_NAME)";
				SWIFT_EMIT_LOC_STRINGS = YES;
				SWIFT_VERSION = 5.0;
				TARGETED_DEVICE_FAMILY = "1,2";
			};
			name = Debug;
		};
		8A1AC2392B3D44A80084F89F /* Release */ = {
			isa = XCBuildConfiguration;
			buildSettings = {
				ASSETCATALOG_COMPILER_APPICON_NAME = AppIcon;
				ASSETCATALOG_COMPILER_GLOBAL_ACCENT_COLOR_NAME = AccentColor;
				CODE_SIGN_STYLE = Automatic;
				CURRENT_PROJECT_VERSION = 1;
				DEVELOPMENT_ASSET_PATHS = "\"Africa/Preview Content\"";
				DEVELOPMENT_TEAM = RR6V2Z4252;
				ENABLE_PREVIEWS = YES;
				GENERATE_INFOPLIST_FILE = YES;
				INFOPLIST_FILE = Africa/Info.plist;
				INFOPLIST_KEY_UIApplicationSceneManifest_Generation = YES;
				INFOPLIST_KEY_UIApplicationSupportsIndirectInputEvents = YES;
				INFOPLIST_KEY_UISupportedInterfaceOrientations_iPad = "UIInterfaceOrientationPortrait UIInterfaceOrientationPortraitUpsideDown UIInterfaceOrientationLandscapeLeft UIInterfaceOrientationLandscapeRight";
				INFOPLIST_KEY_UISupportedInterfaceOrientations_iPhone = "UIInterfaceOrientationPortrait UIInterfaceOrientationLandscapeLeft UIInterfaceOrientationLandscapeRight";
				INFOPLIST_KEY_UIUserInterfaceStyle = Dark;
				IPHONEOS_DEPLOYMENT_TARGET = 15;
				LD_RUNPATH_SEARCH_PATHS = (
					"$(inherited)",
					"@executable_path/Frameworks",
				);
				MARKETING_VERSION = 1.0;
				PRODUCT_BUNDLE_IDENTIFIER = com.learn.Africa;
				PRODUCT_NAME = "$(TARGET_NAME)";
				SWIFT_EMIT_LOC_STRINGS = YES;
				SWIFT_VERSION = 5.0;
				TARGETED_DEVICE_FAMILY = "1,2";
			};
			name = Release;
		};
/* End XCBuildConfiguration section */

/* Begin XCConfigurationList section */
		8A1AC2242B3D44A70084F89F /* Build configuration list for PBXProject "Africa" */ = {
			isa = XCConfigurationList;
			buildConfigurations = (
				8A1AC2352B3D44A80084F89F /* Debug */,
				8A1AC2362B3D44A80084F89F /* Release */,
			);
			defaultConfigurationIsVisible = 0;
			defaultConfigurationName = Release;
		};
		8A1AC2372B3D44A80084F89F /* Build configuration list for PBXNativeTarget "Africa" */ = {
			isa = XCConfigurationList;
			buildConfigurations = (
				8A1AC2382B3D44A80084F89F /* Debug */,
				8A1AC2392B3D44A80084F89F /* Release */,
			);
			defaultConfigurationIsVisible = 0;
			defaultConfigurationName = Release;
		};
/* End XCConfigurationList section */
	};
	rootObject = 8A1AC2212B3D44A70084F89F /* Project object */;
}
